{
  "name": "aws-sqs",
  "version": "0.0.7",
  "lockfileVersion": 1,
  "requires": true,
  "dependencies": {
    "aws-lib": {
      "version": "0.0.6",
      "resolved": "https://registry.npmjs.org/aws-lib/-/aws-lib-0.0.6.tgz",
      "integrity": "sha1-ENOUHEEasMTLy6YxXkZ5TZSAFVQ=",
      "requires": {
        "sax": "0.1.5",
        "xml2js": "0.1.14"
      }
    },
    "diff": {
      "version": "1.0.8",
      "resolved": "https://registry.npmjs.org/diff/-/diff-1.0.8.tgz",
      "integrity": "sha1-NDJ2MI7Jkbe8giZ+1VvBQR+XFmY=",
      "dev": true
    },
    "eyes": {
      "version": "0.1.8",
      "resolved": "https://registry.npmjs.org/eyes/-/eyes-0.1.8.tgz",
      "integrity": "sha1-Ys8SAjTGg3hdkCNIqADvPgzCC8A=",
      "dev": true
    },
    "sax": {
      "version": "0.1.5",
      "resolved": "https://registry.npmjs.org/sax/-/sax-0.1.5.tgz",
      "integrity": "sha1-0YKaYSD6AWZetNv/bEPyn9bWFHE="
    },
    "vows": {
      "version": "0.7.0",
      "resolved": "https://registry.npmjs.org/vows/-/vows-0.7.0.tgz",
      "integrity": "sha1-3QBl8RC6DAptY+hEhRwyCBdtWGc=",
      "dev": true,
      "requires": {
        "diff": "1.0.8",
        "eyes": "0.1.8"
      }
    },
    "xml2js": {
      "version": "0.1.14",
      "resolved": "https://registry.npmjs.org/xml2js/-/xml2js-0.1.14.tgz",
      "integrity": "sha1-UnTmf1pkxfkpdM2FE54DMq3GuQw=",
      "requires": {
        "sax": "0.1.5"
      }
    }
  }
}
